
Microsoft Visual Studio Solution File, Format Version 12.00
# Visual Studio Version 16
VisualStudioVersion = 16.0.31424.327
MinimumVisualStudioVersion = 10.0.40219.1
Project("{8BC9CEB8-8B4A-11D0-8D11-00A0C91BC942}") = "Merge_Two_Different_Linked_List_In_Third_LL", "Merge_Two_Different_Linked_List_In_Third_LL\Merge_Two_Different_Linked_List_In_Third_LL.vcxproj", "{096DA02C-BF12-4B90-A53E-B0A877F2E202}"
EndProject
Global
	GlobalSection(SolutionConfigurationPlatforms) = preSolution
		Debug|x64 = Debug|x64
		Debug|x86 = Debug|x86
		Release|x64 = Release|x64
		Release|x86 = Release|x86
	EndGlobalSection
	GlobalSection(ProjectConfigurationPlatforms) = postSolution
		{096DA02C-BF12-4B90-A53E-B0A877F2E202}.Debug|x64.ActiveCfg = Debug|x64
		{096DA02C-BF12-4B90-A53E-B0A877F2E202}.Debug|x64.Build.0 = Debug|x64
		{096DA02C-BF12-4B90-A53E-B0A877F2E202}.Debug|x86.ActiveCfg = Debug|Win32
		{096DA02C-BF12-4B90-A53E-B0A877F2E202}.Debug|x86.Build.0 = Debug|Win32
		{096DA02C-BF12-4B90-A53E-B0A877F2E202}.Release|x64.ActiveCfg = Release|x64
		{096DA02C-BF12-4B90-A53E-B0A877F2E202}.Release|x64.Build.0 = Release|x64
		{096DA02C-BF12-4B90-A53E-B0A877F2E202}.Release|x86.ActiveCfg = Release|Win32
		{096DA02C-BF12-4B90-A53E-B0A877F2E202}.Release|x86.Build.0 = Release|Win32
	EndGlobalSection
	GlobalSection(SolutionProperties) = preSolution
		HideSolutionNode = FALSE
	EndGlobalSection
	GlobalSection(ExtensibilityGlobals) = postSolution
		SolutionGuid = {52224F6C-F82A-4275-9C8F-599FC0AF0194}
	EndGlobalSection
EndGlobal
